
Microsoft Visual Studio Solution File, Format Version 12.00
# Visual Studio Version 17
VisualStudioVersion = 17.4.33213.308
MinimumVisualStudioVersion = 10.0.40219.1
Project("{FAE04EC0-301F-11D3-BF4B-00C04F79EFBC}") = "ConsoleApp3", "ConsoleApp3\ConsoleApp3.csproj", "{03994FE7-32D3-4E3C-A824-ACFB9F6C2AC4}"
EndProject
Global
	GlobalSection(SolutionConfigurationPlatforms) = preSolution
		Debug|Any CPU = Debug|Any CPU
		Release|Any CPU = Release|Any CPU
	EndGlobalSection
	GlobalSection(ProjectConfigurationPlatforms) = postSolution
		{03994FE7-32D3-4E3C-A824-ACFB9F6C2AC4}.Debug|Any CPU.ActiveCfg = Debug|Any CPU
		{03994FE7-32D3-4E3C-A824-ACFB9F6C2AC4}.Debug|Any CPU.Build.0 = Debug|Any CPU
		{03994FE7-32D3-4E3C-A824-ACFB9F6C2AC4}.Release|Any CPU.ActiveCfg = Release|Any CPU
		{03994FE7-32D3-4E3C-A824-ACFB9F6C2AC4}.Release|Any CPU.Build.0 = Release|Any CPU
	EndGlobalSection
	GlobalSection(SolutionProperties) = preSolution
		HideSolutionNode = FALSE
	EndGlobalSection
	GlobalSection(ExtensibilityGlobals) = postSolution
		SolutionGuid = {42AAF050-4FA8-469B-BC34-41ECDAEE69EB}
	EndGlobalSection
EndGlobal
